
Microsoft Visual Studio Solution File, Format Version 12.00
# Visual Studio Version 17
VisualStudioVersion = 17.2.32630.192
MinimumVisualStudioVersion = 10.0.40219.1
Project("{9A19103F-16F7-4668-BE54-9A1E7A4F7556}") = "Calculadora", "Calculadora\Calculadora.csproj", "{46D80D59-AA11-4425-958D-5AF4A952AE50}"
EndProject
Project("{FAE04EC0-301F-11D3-BF4B-00C04F79EFBC}") = "CalculatorLibrary", "CalculatorLibrary\CalculatorLibrary.csproj", "{B308C8A7-FF58-4B7C-9851-2D04F5F48335}"
EndProject
Global
	GlobalSection(SolutionConfigurationPlatforms) = preSolution
		Debug|Any CPU = Debug|Any CPU
		Release|Any CPU = Release|Any CPU
	EndGlobalSection
	GlobalSection(ProjectConfigurationPlatforms) = postSolution
		{46D80D59-AA11-4425-958D-5AF4A952AE50}.Debug|Any CPU.ActiveCfg = Debug|Any CPU
		{46D80D59-AA11-4425-958D-5AF4A952AE50}.Debug|Any CPU.Build.0 = Debug|Any CPU
		{46D80D59-AA11-4425-958D-5AF4A952AE50}.Release|Any CPU.ActiveCfg = Release|Any CPU
		{46D80D59-AA11-4425-958D-5AF4A952AE50}.Release|Any CPU.Build.0 = Release|Any CPU
		{B308C8A7-FF58-4B7C-9851-2D04F5F48335}.Debug|Any CPU.ActiveCfg = Debug|Any CPU
		{B308C8A7-FF58-4B7C-9851-2D04F5F48335}.Debug|Any CPU.Build.0 = Debug|Any CPU
		{B308C8A7-FF58-4B7C-9851-2D04F5F48335}.Release|Any CPU.ActiveCfg = Release|Any CPU
		{B308C8A7-FF58-4B7C-9851-2D04F5F48335}.Release|Any CPU.Build.0 = Release|Any CPU
	EndGlobalSection
	GlobalSection(SolutionProperties) = preSolution
		HideSolutionNode = FALSE
	EndGlobalSection
	GlobalSection(ExtensibilityGlobals) = postSolution
		SolutionGuid = {C11F164D-DF23-4629-9A61-A74BD3C805AA}
	EndGlobalSection
EndGlobal
